PODS:
  - Flutter (1.0.0)
  - flutter_watch_os_connectivity (1.0.0):
    - Flutter
  - image_picker_ios (0.0.1):
    - Flutter

DEPENDENCIES:
  - Flutter (from `Flutter`)
  - flutter_watch_os_connectivity (from `.symlinks/plugins/flutter_watch_os_connectivity/ios`)
  - image_picker_ios (from `.symlinks/plugins/image_picker_ios/ios`)

EXTERNAL SOURCES:
  Flutter:
    :path: Flutter
  flutter_watch_os_connectivity:
    :path: ".symlinks/plugins/flutter_watch_os_connectivity/ios"
  image_picker_ios:
    :path: ".symlinks/plugins/image_picker_ios/ios"

SPEC CHECKSUMS:
  Flutter: 50d75fe2f02b26cc09d224853bb45737f8b3214a
  flutter_watch_os_connectivity: 2c2f549d6d6d3e71ce19c12da2d64d2691c04861
  image_picker_ios: b786a5dcf033a8336a657191401bfdf12017dabb

PODFILE CHECKSUM: 8fe8b02949a49f65f1bfc562d949c3d3c83e88db

COCOAPODS: 1.11.3
